
Microsoft Visual Studio Solution File, Format Version 12.00
# Visual Studio Version 16
VisualStudioVersion = 16.6.30114.105
MinimumVisualStudioVersion = 10.0.40219.1
Project("{FAE04EC0-301F-11D3-BF4B-00C04F79EFBC}") = "TRMDataManager", "TRMDataManager\TRMDataManager.csproj", "{BBDAF883-6D36-469B-9399-85B1AB65BFF5}"
EndProject
Project("{00D1A9C2-B5F0-4AF3-8072-F6C62B433612}") = "TRMData", "TRMData\TRMData.sqlproj", "{5DD8D4CA-2F64-4C31-9CFE-0C96D99312D7}"
EndProject
Project("{FAE04EC0-301F-11D3-BF4B-00C04F79EFBC}") = "TRMDesktopUI", "TRMDesktopUI\TRMDesktopUI.csproj", "{EAADA663-E74B-439E-AAC9-1963F668BDF8}"
EndProject
Project("{FAE04EC0-301F-11D3-BF4B-00C04F79EFBC}") = "TRMDataManager.Library", "TRMDataManager.Library\TRMDataManager.Library.csproj", "{1F0E946A-A470-4B58-AD7B-ADF88625E16B}"
EndProject
Project("{FAE04EC0-301F-11D3-BF4B-00C04F79EFBC}") = "TRMDesktopUI.Library", "TRMDesktopUI.Library\TRMDesktopUI.Library.csproj", "{A77DC694-24E5-4323-9DF9-5627B2178FB6}"
EndProject
Project("{2150E333-8FDC-42A3-9474-1A3956D46DE8}") = "Database", "Database", "{DD5DD14B-0143-4C5E-95E8-E1ABE8DB91B4}"
EndProject
Project("{2150E333-8FDC-42A3-9474-1A3956D46DE8}") = "API", "API", "{A4ED7BB4-C801-4D43-BEB9-17A684B1F32F}"
EndProject
Project("{2150E333-8FDC-42A3-9474-1A3956D46DE8}") = "WPF", "WPF", "{4316EB00-ED8D-4DCA-AEC8-7BCA2DC6A486}"
EndProject
Project("{FAE04EC0-301F-11D3-BF4B-00C04F79EFBC}") = "TRMApi", "TRMApi\TRMApi.csproj", "{0C5E614E-7D4A-408F-A1F0-C28C1AC04499}"
EndProject
Global
	GlobalSection(SolutionConfigurationPlatforms) = preSolution
		Debug|Any CPU = Debug|Any CPU
		Debug|x64 = Debug|x64
		Debug|x86 = Debug|x86
		Release|Any CPU = Release|Any CPU
		Release|x64 = Release|x64
		Release|x86 = Release|x86
	EndGlobalSection
	GlobalSection(ProjectConfigurationPlatforms) = postSolution
		{BBDAF883-6D36-469B-9399-85B1AB65BFF5}.Debug|Any CPU.ActiveCfg = Debug|Any CPU
		{BBDAF883-6D36-469B-9399-85B1AB65BFF5}.Debug|Any CPU.Build.0 = Debug|Any CPU
		{BBDAF883-6D36-469B-9399-85B1AB65BFF5}.Debug|x64.ActiveCfg = Debug|Any CPU
		{BBDAF883-6D36-469B-9399-85B1AB65BFF5}.Debug|x64.Build.0 = Debug|Any CPU
		{BBDAF883-6D36-469B-9399-85B1AB65BFF5}.Debug|x86.ActiveCfg = Debug|Any CPU
		{BBDAF883-6D36-469B-9399-85B1AB65BFF5}.Debug|x86.Build.0 = Debug|Any CPU
		{BBDAF883-6D36-469B-9399-85B1AB65BFF5}.Release|Any CPU.ActiveCfg = Release|Any CPU
		{BBDAF883-6D36-469B-9399-85B1AB65BFF5}.Release|Any CPU.Build.0 = Release|Any CPU
		{BBDAF883-6D36-469B-9399-85B1AB65BFF5}.Release|x64.ActiveCfg = Release|Any CPU
		{BBDAF883-6D36-469B-9399-85B1AB65BFF5}.Release|x64.Build.0 = Release|Any CPU
		{BBDAF883-6D36-469B-9399-85B1AB65BFF5}.Release|x86.ActiveCfg = Release|Any CPU
		{BBDAF883-6D36-469B-9399-85B1AB65BFF5}.Release|x86.Build.0 = Release|Any CPU
		{5DD8D4CA-2F64-4C31-9CFE-0C96D99312D7}.Debug|Any CPU.ActiveCfg = Debug|Any CPU
		{5DD8D4CA-2F64-4C31-9CFE-0C96D99312D7}.Debug|Any CPU.Build.0 = Debug|Any CPU
		{5DD8D4CA-2F64-4C31-9CFE-0C96D99312D7}.Debug|Any CPU.Deploy.0 = Debug|Any CPU
		{5DD8D4CA-2F64-4C31-9CFE-0C96D99312D7}.Debug|x64.ActiveCfg = Debug|Any CPU
		{5DD8D4CA-2F64-4C31-9CFE-0C96D99312D7}.Debug|x64.Build.0 = Debug|Any CPU
		{5DD8D4CA-2F64-4C31-9CFE-0C96D99312D7}.Debug|x64.Deploy.0 = Debug|Any CPU
		{5DD8D4CA-2F64-4C31-9CFE-0C96D99312D7}.Debug|x86.ActiveCfg = Debug|Any CPU
		{5DD8D4CA-2F64-4C31-9CFE-0C96D99312D7}.Debug|x86.Build.0 = Debug|Any CPU
		{5DD8D4CA-2F64-4C31-9CFE-0C96D99312D7}.Debug|x86.Deploy.0 = Debug|Any CPU
		{5DD8D4CA-2F64-4C31-9CFE-0C96D99312D7}.Release|Any CPU.ActiveCfg = Release|Any CPU
		{5DD8D4CA-2F64-4C31-9CFE-0C96D99312D7}.Release|Any CPU.Build.0 = Release|Any CPU
		{5DD8D4CA-2F64-4C31-9CFE-0C96D99312D7}.Release|Any CPU.Deploy.0 = Release|Any CPU
		{5DD8D4CA-2F64-4C31-9CFE-0C96D99312D7}.Release|x64.ActiveCfg = Release|Any CPU
		{5DD8D4CA-2F64-4C31-9CFE-0C96D99312D7}.Release|x64.Build.0 = Release|Any CPU
		{5DD8D4CA-2F64-4C31-9CFE-0C96D99312D7}.Release|x64.Deploy.0 = Release|Any CPU
		{5DD8D4CA-2F64-4C31-9CFE-0C96D99312D7}.Release|x86.ActiveCfg = Release|Any CPU
		{5DD8D4CA-2F64-4C31-9CFE-0C96D99312D7}.Release|x86.Build.0 = Release|Any CPU
		{5DD8D4CA-2F64-4C31-9CFE-0C96D99312D7}.Release|x86.Deploy.0 = Release|Any CPU
		{EAADA663-E74B-439E-AAC9-1963F668BDF8}.Debug|Any CPU.ActiveCfg = Debug|Any CPU
		{EAADA663-E74B-439E-AAC9-1963F668BDF8}.Debug|Any CPU.Build.0 = Debug|Any CPU
		{EAADA663-E74B-439E-AAC9-1963F668BDF8}.Debug|x64.ActiveCfg = Debug|Any CPU
		{EAADA663-E74B-439E-AAC9-1963F668BDF8}.Debug|x64.Build.0 = Debug|Any CPU
		{EAADA663-E74B-439E-AAC9-1963F668BDF8}.Debug|x86.ActiveCfg = Debug|Any CPU
		{EAADA663-E74B-439E-AAC9-1963F668BDF8}.Debug|x86.Build.0 = Debug|Any CPU
		{EAADA663-E74B-439E-AAC9-1963F668BDF8}.Release|Any CPU.ActiveCfg = Release|Any CPU
		{EAADA663-E74B-439E-AAC9-1963F668BDF8}.Release|Any CPU.Build.0 = Release|Any CPU
		{EAADA663-E74B-439E-AAC9-1963F668BDF8}.Release|x64.ActiveCfg = Release|Any CPU
		{EAADA663-E74B-439E-AAC9-1963F668BDF8}.Release|x64.Build.0 = Release|Any CPU
		{EAADA663-E74B-439E-AAC9-1963F668BDF8}.Release|x86.ActiveCfg = Release|Any CPU
		{EAADA663-E74B-439E-AAC9-1963F668BDF8}.Release|x86.Build.0 = Release|Any CPU
		{1F0E946A-A470-4B58-AD7B-ADF88625E16B}.Debug|Any CPU.ActiveCfg = Debug|Any CPU
		{1F0E946A-A470-4B58-AD7B-ADF88625E16B}.Debug|Any CPU.Build.0 = Debug|Any CPU
		{1F0E946A-A470-4B58-AD7B-ADF88625E16B}.Debug|x64.ActiveCfg = Debug|Any CPU
		{1F0E946A-A470-4B58-AD7B-ADF88625E16B}.Debug|x64.Build.0 = Debug|Any CPU
		{1F0E946A-A470-4B58-AD7B-ADF88625E16B}.Debug|x86.ActiveCfg = Debug|Any CPU
		{1F0E946A-A470-4B58-AD7B-ADF88625E16B}.Debug|x86.Build.0 = Debug|Any CPU
		{1F0E946A-A470-4B58-AD7B-ADF88625E16B}.Release|Any CPU.ActiveCfg = Release|Any CPU
		{1F0E946A-A470-4B58-AD7B-ADF88625E16B}.Release|Any CPU.Build.0 = Release|Any CPU
		{1F0E946A-A470-4B58-AD7B-ADF88625E16B}.Release|x64.ActiveCfg = Release|Any CPU
		{1F0E946A-A470-4B58-AD7B-ADF88625E16B}.Release|x64.Build.0 = Release|Any CPU
		{1F0E946A-A470-4B58-AD7B-ADF88625E16B}.Release|x86.ActiveCfg = Release|Any CPU
		{1F0E946A-A470-4B58-AD7B-ADF88625E16B}.Release|x86.Build.0 = Release|Any CPU
		{A77DC694-24E5-4323-9DF9-5627B2178FB6}.Debug|Any CPU.ActiveCfg = Debug|Any CPU
		{A77DC694-24E5-4323-9DF9-5627B2178FB6}.Debug|Any CPU.Build.0 = Debug|Any CPU
		{A77DC694-24E5-4323-9DF9-5627B2178FB6}.Debug|x64.ActiveCfg = Debug|Any CPU
		{A77DC694-24E5-4323-9DF9-5627B2178FB6}.Debug|x64.Build.0 = Debug|Any CPU
		{A77DC694-24E5-4323-9DF9-5627B2178FB6}.Debug|x86.ActiveCfg = Debug|Any CPU
		{A77DC694-24E5-4323-9DF9-5627B2178FB6}.Debug|x86.Build.0 = Debug|Any CPU
		{A77DC694-24E5-4323-9DF9-5627B2178FB6}.Release|Any CPU.ActiveCfg = Release|Any CPU
		{A77DC694-24E5-4323-9DF9-5627B2178FB6}.Release|Any CPU.Build.0 = Release|Any CPU
		{A77DC694-24E5-4323-9DF9-5627B2178FB6}.Release|x64.ActiveCfg = Release|Any CPU
		{A77DC694-24E5-4323-9DF9-5627B2178FB6}.Release|x64.Build.0 = Release|Any CPU
		{A77DC694-24E5-4323-9DF9-5627B2178FB6}.Release|x86.ActiveCfg = Release|Any CPU
		{A77DC694-24E5-4323-9DF9-5627B2178FB6}.Release|x86.Build.0 = Release|Any CPU
		{0C5E614E-7D4A-408F-A1F0-C28C1AC04499}.Debug|Any CPU.ActiveCfg = Debug|Any CPU
		{0C5E614E-7D4A-408F-A1F0-C28C1AC04499}.Debug|Any CPU.Build.0 = Debug|Any CPU
		{0C5E614E-7D4A-408F-A1F0-C28C1AC04499}.Debug|x64.ActiveCfg = Debug|Any CPU
		{0C5E614E-7D4A-408F-A1F0-C28C1AC04499}.Debug|x64.Build.0 = Debug|Any CPU
		{0C5E614E-7D4A-408F-A1F0-C28C1AC04499}.Debug|x86.ActiveCfg = Debug|Any CPU
		{0C5E614E-7D4A-408F-A1F0-C28C1AC04499}.Debug|x86.Build.0 = Debug|Any CPU
		{0C5E614E-7D4A-408F-A1F0-C28C1AC04499}.Release|Any CPU.ActiveCfg = Release|Any CPU
		{0C5E614E-7D4A-408F-A1F0-C28C1AC04499}.Release|Any CPU.Build.0 = Release|Any CPU
		{0C5E614E-7D4A-408F-A1F0-C28C1AC04499}.Release|x64.ActiveCfg = Release|Any CPU
		{0C5E614E-7D4A-408F-A1F0-C28C1AC04499}.Release|x64.Build.0 = Release|Any CPU
		{0C5E614E-7D4A-408F-A1F0-C28C1AC04499}.Release|x86.ActiveCfg = Release|Any CPU
		{0C5E614E-7D4A-408F-A1F0-C28C1AC04499}.Release|x86.Build.0 = Release|Any CPU
	EndGlobalSection
	GlobalSection(SolutionProperties) = preSolution
		HideSolutionNode = FALSE
	EndGlobalSection
	GlobalSection(NestedProjects) = preSolution
		{BBDAF883-6D36-469B-9399-85B1AB65BFF5} = {A4ED7BB4-C801-4D43-BEB9-17A684B1F32F}
		{5DD8D4CA-2F64-4C31-9CFE-0C96D99312D7} = {DD5DD14B-0143-4C5E-95E8-E1ABE8DB91B4}
		{EAADA663-E74B-439E-AAC9-1963F668BDF8} = {4316EB00-ED8D-4DCA-AEC8-7BCA2DC6A486}
		{1F0E946A-A470-4B58-AD7B-ADF88625E16B} = {A4ED7BB4-C801-4D43-BEB9-17A684B1F32F}
		{A77DC694-24E5-4323-9DF9-5627B2178FB6} = {4316EB00-ED8D-4DCA-AEC8-7BCA2DC6A486}
		{0C5E614E-7D4A-408F-A1F0-C28C1AC04499} = {A4ED7BB4-C801-4D43-BEB9-17A684B1F32F}
	EndGlobalSection
	GlobalSection(ExtensibilityGlobals) = postSolution
		SolutionGuid = {4170B2F6-B439-4059-8D61-562411304ADD}
	EndGlobalSection
EndGlobal
